
Microsoft Visual Studio Solution File, Format Version 12.00
# Visual Studio 15
VisualStudioVersion = 15.0.28307.421
MinimumVisualStudioVersion = 10.0.40219.1
Project("{FAE04EC0-301F-11D3-BF4B-00C04F79EFBC}") = "BURBUJAMEJORADA", "BURBUJAMEJORADA\BURBUJAMEJORADA.csproj", "{B6D271E2-5F5B-42D1-88C9-AAEDF3DB6AAD}"
EndProject
Global
	GlobalSection(SolutionConfigurationPlatforms) = preSolution
		Debug|Any CPU = Debug|Any CPU
		Release|Any CPU = Release|Any CPU
	EndGlobalSection
	GlobalSection(ProjectConfigurationPlatforms) = postSolution
		{B6D271E2-5F5B-42D1-88C9-AAEDF3DB6AAD}.Debug|Any CPU.ActiveCfg = Debug|Any CPU
		{B6D271E2-5F5B-42D1-88C9-AAEDF3DB6AAD}.Debug|Any CPU.Build.0 = Debug|Any CPU
		{B6D271E2-5F5B-42D1-88C9-AAEDF3DB6AAD}.Release|Any CPU.ActiveCfg = Release|Any CPU
		{B6D271E2-5F5B-42D1-88C9-AAEDF3DB6AAD}.Release|Any CPU.Build.0 = Release|Any CPU
	EndGlobalSection
	GlobalSection(SolutionProperties) = preSolution
		HideSolutionNode = FALSE
	EndGlobalSection
	GlobalSection(ExtensibilityGlobals) = postSolution
		SolutionGuid = {B6259C24-9BC1-407F-83BB-5A90B4D23AC6}
	EndGlobalSection
EndGlobal
